
Microsoft Visual Studio Solution File, Format Version 12.00
# Visual Studio Version 17
VisualStudioVersion = 17.3.32811.315
MinimumVisualStudioVersion = 10.0.40219.1
Project("{FAE04EC0-301F-11D3-BF4B-00C04F79EFBC}") = "lab1", "lab1\lab1.csproj", "{299391FE-4D59-4977-A267-920C92029699}"
EndProject
Project("{9A19103F-16F7-4668-BE54-9A1E7A4F7556}") = "lap2", "lap2\lap2.csproj", "{727EE044-630E-4547-BD50-52F04BD3E93C}"
EndProject
Project("{9A19103F-16F7-4668-BE54-9A1E7A4F7556}") = "lap3", "lap3\lap3.csproj", "{3FBCB1C2-2CEB-4DD5-B40B-E26FD757F7E1}"
EndProject
Project("{9A19103F-16F7-4668-BE54-9A1E7A4F7556}") = "lab4", "lab4\lab4.csproj", "{134CA28C-F4D8-4EFC-A5B9-C49FCFF12FBE}"
EndProject
Project("{9A19103F-16F7-4668-BE54-9A1E7A4F7556}") = "lab4task2", "lab4task2\lab4task2.csproj", "{BDC1BC5C-B327-477F-8A7B-802B6F23C034}"
EndProject
Project("{9A19103F-16F7-4668-BE54-9A1E7A4F7556}") = "lab4task3", "lab4task3\lab4task3.csproj", "{EC820B54-1F0D-4B70-B73F-9A43D993E9B0}"
EndProject
Project("{FAE04EC0-301F-11D3-BF4B-00C04F79EFBC}") = "lab5", "lab5\lab5.csproj", "{DB90985F-E39E-4B46-9131-B1B9D7AB83AD}"
EndProject
Project("{FAE04EC0-301F-11D3-BF4B-00C04F79EFBC}") = "lab6", "lab6\lab6.csproj", "{B3403661-13CB-4B48-8C17-5F230A733B59}"
EndProject
Project("{FAE04EC0-301F-11D3-BF4B-00C04F79EFBC}") = "lab8", "lab8\lab8.csproj", "{97953D4B-A5E0-45D2-A3FA-4BB53022BE5B}"
EndProject
Global
	GlobalSection(SolutionConfigurationPlatforms) = preSolution
		Debug|Any CPU = Debug|Any CPU
		Release|Any CPU = Release|Any CPU
	EndGlobalSection
	GlobalSection(ProjectConfigurationPlatforms) = postSolution
		{299391FE-4D59-4977-A267-920C92029699}.Debug|Any CPU.ActiveCfg = Debug|Any CPU
		{299391FE-4D59-4977-A267-920C92029699}.Debug|Any CPU.Build.0 = Debug|Any CPU
		{299391FE-4D59-4977-A267-920C92029699}.Release|Any CPU.ActiveCfg = Release|Any CPU
		{299391FE-4D59-4977-A267-920C92029699}.Release|Any CPU.Build.0 = Release|Any CPU
		{727EE044-630E-4547-BD50-52F04BD3E93C}.Debug|Any CPU.ActiveCfg = Debug|Any CPU
		{727EE044-630E-4547-BD50-52F04BD3E93C}.Debug|Any CPU.Build.0 = Debug|Any CPU
		{727EE044-630E-4547-BD50-52F04BD3E93C}.Release|Any CPU.ActiveCfg = Release|Any CPU
		{727EE044-630E-4547-BD50-52F04BD3E93C}.Release|Any CPU.Build.0 = Release|Any CPU
		{3FBCB1C2-2CEB-4DD5-B40B-E26FD757F7E1}.Debug|Any CPU.ActiveCfg = Debug|Any CPU
		{3FBCB1C2-2CEB-4DD5-B40B-E26FD757F7E1}.Debug|Any CPU.Build.0 = Debug|Any CPU
		{3FBCB1C2-2CEB-4DD5-B40B-E26FD757F7E1}.Release|Any CPU.ActiveCfg = Release|Any CPU
		{3FBCB1C2-2CEB-4DD5-B40B-E26FD757F7E1}.Release|Any CPU.Build.0 = Release|Any CPU
		{134CA28C-F4D8-4EFC-A5B9-C49FCFF12FBE}.Debug|Any CPU.ActiveCfg = Debug|Any CPU
		{134CA28C-F4D8-4EFC-A5B9-C49FCFF12FBE}.Debug|Any CPU.Build.0 = Debug|Any CPU
		{134CA28C-F4D8-4EFC-A5B9-C49FCFF12FBE}.Release|Any CPU.ActiveCfg = Release|Any CPU
		{134CA28C-F4D8-4EFC-A5B9-C49FCFF12FBE}.Release|Any CPU.Build.0 = Release|Any CPU
		{BDC1BC5C-B327-477F-8A7B-802B6F23C034}.Debug|Any CPU.ActiveCfg = Debug|Any CPU
		{BDC1BC5C-B327-477F-8A7B-802B6F23C034}.Debug|Any CPU.Build.0 = Debug|Any CPU
		{BDC1BC5C-B327-477F-8A7B-802B6F23C034}.Release|Any CPU.ActiveCfg = Release|Any CPU
		{BDC1BC5C-B327-477F-8A7B-802B6F23C034}.Release|Any CPU.Build.0 = Release|Any CPU
		{EC820B54-1F0D-4B70-B73F-9A43D993E9B0}.Debug|Any CPU.ActiveCfg = Debug|Any CPU
		{EC820B54-1F0D-4B70-B73F-9A43D993E9B0}.Debug|Any CPU.Build.0 = Debug|Any CPU
		{EC820B54-1F0D-4B70-B73F-9A43D993E9B0}.Release|Any CPU.ActiveCfg = Release|Any CPU
		{EC820B54-1F0D-4B70-B73F-9A43D993E9B0}.Release|Any CPU.Build.0 = Release|Any CPU
		{DB90985F-E39E-4B46-9131-B1B9D7AB83AD}.Debug|Any CPU.ActiveCfg = Debug|Any CPU
		{DB90985F-E39E-4B46-9131-B1B9D7AB83AD}.Debug|Any CPU.Build.0 = Debug|Any CPU
		{DB90985F-E39E-4B46-9131-B1B9D7AB83AD}.Release|Any CPU.ActiveCfg = Release|Any CPU
		{DB90985F-E39E-4B46-9131-B1B9D7AB83AD}.Release|Any CPU.Build.0 = Release|Any CPU
		{B3403661-13CB-4B48-8C17-5F230A733B59}.Debug|Any CPU.ActiveCfg = Debug|Any CPU
		{B3403661-13CB-4B48-8C17-5F230A733B59}.Debug|Any CPU.Build.0 = Debug|Any CPU
		{B3403661-13CB-4B48-8C17-5F230A733B59}.Release|Any CPU.ActiveCfg = Release|Any CPU
		{B3403661-13CB-4B48-8C17-5F230A733B59}.Release|Any CPU.Build.0 = Release|Any CPU
		{97953D4B-A5E0-45D2-A3FA-4BB53022BE5B}.Debug|Any CPU.ActiveCfg = Debug|Any CPU
		{97953D4B-A5E0-45D2-A3FA-4BB53022BE5B}.Debug|Any CPU.Build.0 = Debug|Any CPU
		{97953D4B-A5E0-45D2-A3FA-4BB53022BE5B}.Release|Any CPU.ActiveCfg = Release|Any CPU
		{97953D4B-A5E0-45D2-A3FA-4BB53022BE5B}.Release|Any CPU.Build.0 = Release|Any CPU
	EndGlobalSection
	GlobalSection(SolutionProperties) = preSolution
		HideSolutionNode = FALSE
	EndGlobalSection
	GlobalSection(ExtensibilityGlobals) = postSolution
		SolutionGuid = {310F3025-AE0E-47C3-8E79-DADC91268528}
	EndGlobalSection
EndGlobal
