
Microsoft Visual Studio Solution File, Format Version 12.00
# Visual Studio Version 17
VisualStudioVersion = 17.3.32811.315
MinimumVisualStudioVersion = 10.0.40219.1
Project("{FAE04EC0-301F-11D3-BF4B-00C04F79EFBC}") = "lab8CSharp", "lab8CSharp\lab8CSharp.csproj", "{4B9944C3-BC33-4616-979C-FAC1A7202070}"
EndProject
Global
	GlobalSection(SolutionConfigurationPlatforms) = preSolution
		Debug|Any CPU = Debug|Any CPU
		Release|Any CPU = Release|Any CPU
	EndGlobalSection
	GlobalSection(ProjectConfigurationPlatforms) = postSolution
		{4B9944C3-BC33-4616-979C-FAC1A7202070}.Debug|Any CPU.ActiveCfg = Debug|Any CPU
		{4B9944C3-BC33-4616-979C-FAC1A7202070}.Debug|Any CPU.Build.0 = Debug|Any CPU
		{4B9944C3-BC33-4616-979C-FAC1A7202070}.Release|Any CPU.ActiveCfg = Release|Any CPU
		{4B9944C3-BC33-4616-979C-FAC1A7202070}.Release|Any CPU.Build.0 = Release|Any CPU
	EndGlobalSection
	GlobalSection(SolutionProperties) = preSolution
		HideSolutionNode = FALSE
	EndGlobalSection
	GlobalSection(ExtensibilityGlobals) = postSolution
		SolutionGuid = {F3743315-C160-4072-8433-F6E68B1E85BE}
	EndGlobalSection
EndGlobal
