
Microsoft Visual Studio Solution File, Format Version 12.00
# Visual Studio Version 17
VisualStudioVersion = 17.3.32811.315
MinimumVisualStudioVersion = 10.0.40219.1
Project("{FAE04EC0-301F-11D3-BF4B-00C04F79EFBC}") = "lab9CSharp", "lab9CSharp\lab9CSharp.csproj", "{414E0386-9B6B-4E21-97F7-C5413FCF6584}"
EndProject
Global
	GlobalSection(SolutionConfigurationPlatforms) = preSolution
		Debug|Any CPU = Debug|Any CPU
		Release|Any CPU = Release|Any CPU
	EndGlobalSection
	GlobalSection(ProjectConfigurationPlatforms) = postSolution
		{414E0386-9B6B-4E21-97F7-C5413FCF6584}.Debug|Any CPU.ActiveCfg = Debug|Any CPU
		{414E0386-9B6B-4E21-97F7-C5413FCF6584}.Debug|Any CPU.Build.0 = Debug|Any CPU
		{414E0386-9B6B-4E21-97F7-C5413FCF6584}.Release|Any CPU.ActiveCfg = Release|Any CPU
		{414E0386-9B6B-4E21-97F7-C5413FCF6584}.Release|Any CPU.Build.0 = Release|Any CPU
	EndGlobalSection
	GlobalSection(SolutionProperties) = preSolution
		HideSolutionNode = FALSE
	EndGlobalSection
	GlobalSection(ExtensibilityGlobals) = postSolution
		SolutionGuid = {86F97DDE-90BB-49B7-B978-1E33E33DA30A}
	EndGlobalSection
EndGlobal
